
Microsoft Visual Studio Solution File, Format Version 12.00
# Visual Studio Version 16
VisualStudioVersion = 16.0.29806.167
MinimumVisualStudioVersion = 10.0.40219.1
Project("{FAE04EC0-301F-11D3-BF4B-00C04F79EFBC}") = "lab_9", "lab_9.csproj", "{138DA92B-0CB9-4FCE-9C1D-CEE876645B85}"
EndProject
Global
	GlobalSection(SolutionConfigurationPlatforms) = preSolution
		Debug|Any CPU = Debug|Any CPU
		Release|Any CPU = Release|Any CPU
	EndGlobalSection
	GlobalSection(ProjectConfigurationPlatforms) = postSolution
		{138DA92B-0CB9-4FCE-9C1D-CEE876645B85}.Debug|Any CPU.ActiveCfg = Debug|Any CPU
		{138DA92B-0CB9-4FCE-9C1D-CEE876645B85}.Debug|Any CPU.Build.0 = Debug|Any CPU
		{138DA92B-0CB9-4FCE-9C1D-CEE876645B85}.Release|Any CPU.ActiveCfg = Release|Any CPU
		{138DA92B-0CB9-4FCE-9C1D-CEE876645B85}.Release|Any CPU.Build.0 = Release|Any CPU
	EndGlobalSection
	GlobalSection(SolutionProperties) = preSolution
		HideSolutionNode = FALSE
	EndGlobalSection
	GlobalSection(ExtensibilityGlobals) = postSolution
		SolutionGuid = {97F05DB8-1917-4859-AB75-3D29A0E6A18E}
	EndGlobalSection
EndGlobal
